
Microsoft Visual Studio Solution File, Format Version 12.00
# Visual Studio Version 16
VisualStudioVersion = 16.0.30907.101
MinimumVisualStudioVersion = 10.0.40219.1
Project("{2150E333-8FDC-42A3-9474-1A3956D46DE8}") = "src", "src", "{6F6A44C4-12E0-4423-9FED-AF1B68C52D39}"
EndProject
Project("{2150E333-8FDC-42A3-9474-1A3956D46DE8}") = "test", "test", "{D0816DC8-1F14-4A1C-A02D-4B2FE9F52EBD}"
EndProject
Project("{2150E333-8FDC-42A3-9474-1A3956D46DE8}") = "Core", "Core", "{65C07ABB-084D-4CC4-BC73-BAAA63B0B0E6}"
EndProject
Project("{9A19103F-16F7-4668-BE54-9A1E7A4F7556}") = "Sightseeing.Domain", "Sightseeing.Domain\Sightseeing.Domain.csproj", "{B43EF4FA-3504-441C-B345-14F2DFF127AD}"
EndProject
Project("{9A19103F-16F7-4668-BE54-9A1E7A4F7556}") = "Sightseeing.Application", "Sightseeing.Application\Sightseeing.Application.csproj", "{0F8DC68C-4B96-42F5-AEEE-CE86C7EFC6AB}"
EndProject
Project("{2150E333-8FDC-42A3-9474-1A3956D46DE8}") = "Infrastructure", "Infrastructure", "{26A43648-BD2E-483D-8CFE-48711CCB3DAF}"
EndProject
Project("{9A19103F-16F7-4668-BE54-9A1E7A4F7556}") = "Sightseeing.Persistence", "Sightseeing.Persistence\Sightseeing.Persistence.csproj", "{7642941C-A304-490A-AC6A-DD0F6731A635}"
EndProject
Project("{2150E333-8FDC-42A3-9474-1A3956D46DE8}") = "API", "API", "{CA76CFDB-AFAF-4256-A221-B81506D3E516}"
EndProject
Project("{9A19103F-16F7-4668-BE54-9A1E7A4F7556}") = "Sightseeing.Api", "Sightseeing.Api\Sightseeing.Api.csproj", "{FB054BC1-FC32-4422-B384-9AE7403AF1C7}"
EndProject
Project("{9A19103F-16F7-4668-BE54-9A1E7A4F7556}") = "Sightseeing.Application.UnitTests", "Sightseeing.Application.UnitTests\Sightseeing.Application.UnitTests.csproj", "{2C77B478-94AE-4224-A4FA-FB9BA93F3F78}"
EndProject
Project("{9A19103F-16F7-4668-BE54-9A1E7A4F7556}") = "Sightseeing.Identity", "Sightseeing.Identity\Sightseeing.Identity.csproj", "{27E795BD-26FF-42AA-8710-F189944FECD5}"
EndProject
Project("{2150E333-8FDC-42A3-9474-1A3956D46DE8}") = "proto", "proto", "{E5C39FF7-0E9E-4B1F-8DC2-AC61597FB31E}"
	ProjectSection(SolutionItems) = preProject
		attractions.proto = attractions.proto
	EndProjectSection
EndProject
Global
	GlobalSection(SolutionConfigurationPlatforms) = preSolution
		Debug|Any CPU = Debug|Any CPU
		Release|Any CPU = Release|Any CPU
	EndGlobalSection
	GlobalSection(ProjectConfigurationPlatforms) = postSolution
		{B43EF4FA-3504-441C-B345-14F2DFF127AD}.Debug|Any CPU.ActiveCfg = Debug|Any CPU
		{B43EF4FA-3504-441C-B345-14F2DFF127AD}.Debug|Any CPU.Build.0 = Debug|Any CPU
		{B43EF4FA-3504-441C-B345-14F2DFF127AD}.Release|Any CPU.ActiveCfg = Release|Any CPU
		{B43EF4FA-3504-441C-B345-14F2DFF127AD}.Release|Any CPU.Build.0 = Release|Any CPU
		{0F8DC68C-4B96-42F5-AEEE-CE86C7EFC6AB}.Debug|Any CPU.ActiveCfg = Debug|Any CPU
		{0F8DC68C-4B96-42F5-AEEE-CE86C7EFC6AB}.Debug|Any CPU.Build.0 = Debug|Any CPU
		{0F8DC68C-4B96-42F5-AEEE-CE86C7EFC6AB}.Release|Any CPU.ActiveCfg = Release|Any CPU
		{0F8DC68C-4B96-42F5-AEEE-CE86C7EFC6AB}.Release|Any CPU.Build.0 = Release|Any CPU
		{7642941C-A304-490A-AC6A-DD0F6731A635}.Debug|Any CPU.ActiveCfg = Debug|Any CPU
		{7642941C-A304-490A-AC6A-DD0F6731A635}.Debug|Any CPU.Build.0 = Debug|Any CPU
		{7642941C-A304-490A-AC6A-DD0F6731A635}.Release|Any CPU.ActiveCfg = Release|Any CPU
		{7642941C-A304-490A-AC6A-DD0F6731A635}.Release|Any CPU.Build.0 = Release|Any CPU
		{FB054BC1-FC32-4422-B384-9AE7403AF1C7}.Debug|Any CPU.ActiveCfg = Debug|Any CPU
		{FB054BC1-FC32-4422-B384-9AE7403AF1C7}.Debug|Any CPU.Build.0 = Debug|Any CPU
		{FB054BC1-FC32-4422-B384-9AE7403AF1C7}.Release|Any CPU.ActiveCfg = Release|Any CPU
		{FB054BC1-FC32-4422-B384-9AE7403AF1C7}.Release|Any CPU.Build.0 = Release|Any CPU
		{2C77B478-94AE-4224-A4FA-FB9BA93F3F78}.Debug|Any CPU.ActiveCfg = Debug|Any CPU
		{2C77B478-94AE-4224-A4FA-FB9BA93F3F78}.Debug|Any CPU.Build.0 = Debug|Any CPU
		{2C77B478-94AE-4224-A4FA-FB9BA93F3F78}.Release|Any CPU.ActiveCfg = Release|Any CPU
		{2C77B478-94AE-4224-A4FA-FB9BA93F3F78}.Release|Any CPU.Build.0 = Release|Any CPU
		{27E795BD-26FF-42AA-8710-F189944FECD5}.Debug|Any CPU.ActiveCfg = Debug|Any CPU
		{27E795BD-26FF-42AA-8710-F189944FECD5}.Debug|Any CPU.Build.0 = Debug|Any CPU
		{27E795BD-26FF-42AA-8710-F189944FECD5}.Release|Any CPU.ActiveCfg = Release|Any CPU
		{27E795BD-26FF-42AA-8710-F189944FECD5}.Release|Any CPU.Build.0 = Release|Any CPU
	EndGlobalSection
	GlobalSection(SolutionProperties) = preSolution
		HideSolutionNode = FALSE
	EndGlobalSection
	GlobalSection(NestedProjects) = preSolution
		{65C07ABB-084D-4CC4-BC73-BAAA63B0B0E6} = {6F6A44C4-12E0-4423-9FED-AF1B68C52D39}
		{B43EF4FA-3504-441C-B345-14F2DFF127AD} = {65C07ABB-084D-4CC4-BC73-BAAA63B0B0E6}
		{0F8DC68C-4B96-42F5-AEEE-CE86C7EFC6AB} = {65C07ABB-084D-4CC4-BC73-BAAA63B0B0E6}
		{26A43648-BD2E-483D-8CFE-48711CCB3DAF} = {6F6A44C4-12E0-4423-9FED-AF1B68C52D39}
		{7642941C-A304-490A-AC6A-DD0F6731A635} = {26A43648-BD2E-483D-8CFE-48711CCB3DAF}
		{CA76CFDB-AFAF-4256-A221-B81506D3E516} = {6F6A44C4-12E0-4423-9FED-AF1B68C52D39}
		{FB054BC1-FC32-4422-B384-9AE7403AF1C7} = {CA76CFDB-AFAF-4256-A221-B81506D3E516}
		{2C77B478-94AE-4224-A4FA-FB9BA93F3F78} = {D0816DC8-1F14-4A1C-A02D-4B2FE9F52EBD}
		{27E795BD-26FF-42AA-8710-F189944FECD5} = {26A43648-BD2E-483D-8CFE-48711CCB3DAF}
		{E5C39FF7-0E9E-4B1F-8DC2-AC61597FB31E} = {6F6A44C4-12E0-4423-9FED-AF1B68C52D39}
	EndGlobalSection
	GlobalSection(ExtensibilityGlobals) = postSolution
		SolutionGuid = {D3A22971-864D-43AF-BE4B-464EA6D64FEB}
	EndGlobalSection
EndGlobal
